
Microsoft Visual Studio Solution File, Format Version 12.00
# Visual Studio Version 17
VisualStudioVersion = 17.0.31903.59
MinimumVisualStudioVersion = 10.0.40219.1
Project("{2150E333-8FDC-42A3-9474-1A3956D46DE8}") = "src", "src", "{827E0CD3-B72D-47B6-A68D-7590B98EB39B}"
EndProject
Project("{FAE04EC0-301F-11D3-BF4B-00C04F79EFBC}") = "Verity.Core", "src\Verity.Core\Verity.Core.csproj", "{4EBF06BC-37F4-45AE-93F9-059EA8DC0B15}"
EndProject
Project("{FAE04EC0-301F-11D3-BF4B-00C04F79EFBC}") = "Verity.Contracts", "src\Verity.Contracts\Verity.Contracts.csproj", "{7E2CECDB-4937-4658-9584-90865598EE94}"
EndProject
Project("{2150E333-8FDC-42A3-9474-1A3956D46DE8}") = "tests", "tests", "{0AB3BF05-4346-4AA6-1389-037BE0695223}"
EndProject
Project("{FAE04EC0-301F-11D3-BF4B-00C04F79EFBC}") = "Verity.CashFlow.API", "src\Verity.CashFlow.API\Verity.CashFlow.API.csproj", "{41599D3F-81A9-4F07-B70F-3823737DFE10}"
EndProject
Project("{FAE04EC0-301F-11D3-BF4B-00C04F79EFBC}") = "Verity.CashFlow.Tests", "tests\Verity.CashFlow.Tests\Verity.CashFlow.Tests.csproj", "{83C9860F-788B-4104-85B9-3527CBE56DBA}"
EndProject
Project("{FAE04EC0-301F-11D3-BF4B-00C04F79EFBC}") = "Verity.Consolidated.API", "src\Verity.Consolidated.API\Verity.Consolidated.API.csproj", "{E6711A2D-072D-4A49-AB5E-4E69CE03E973}"
EndProject
Project("{FAE04EC0-301F-11D3-BF4B-00C04F79EFBC}") = "Verity.Consolidated.Tests", "tests\Verity.Consolidated.Tests\Verity.Consolidated.Tests.csproj", "{DF0FEE37-4FE0-4780-B7A0-BBBC785AA500}"
EndProject
Project("{FAE04EC0-301F-11D3-BF4B-00C04F79EFBC}") = "Verity.Web", "src\Verity.Web\Verity.Web.csproj", "{9CF86F41-EEC6-4D94-9B7F-3CE5D9ABCA1D}"
EndProject
Global
	GlobalSection(SolutionConfigurationPlatforms) = preSolution
		Debug|Any CPU = Debug|Any CPU
		Debug|x64 = Debug|x64
		Debug|x86 = Debug|x86
		Release|Any CPU = Release|Any CPU
		Release|x64 = Release|x64
		Release|x86 = Release|x86
	EndGlobalSection
	GlobalSection(ProjectConfigurationPlatforms) = postSolution
		{4EBF06BC-37F4-45AE-93F9-059EA8DC0B15}.Debug|Any CPU.ActiveCfg = Debug|Any CPU
		{4EBF06BC-37F4-45AE-93F9-059EA8DC0B15}.Debug|Any CPU.Build.0 = Debug|Any CPU
		{4EBF06BC-37F4-45AE-93F9-059EA8DC0B15}.Debug|x64.ActiveCfg = Debug|Any CPU
		{4EBF06BC-37F4-45AE-93F9-059EA8DC0B15}.Debug|x64.Build.0 = Debug|Any CPU
		{4EBF06BC-37F4-45AE-93F9-059EA8DC0B15}.Debug|x86.ActiveCfg = Debug|Any CPU
		{4EBF06BC-37F4-45AE-93F9-059EA8DC0B15}.Debug|x86.Build.0 = Debug|Any CPU
		{4EBF06BC-37F4-45AE-93F9-059EA8DC0B15}.Release|Any CPU.ActiveCfg = Release|Any CPU
		{4EBF06BC-37F4-45AE-93F9-059EA8DC0B15}.Release|Any CPU.Build.0 = Release|Any CPU
		{4EBF06BC-37F4-45AE-93F9-059EA8DC0B15}.Release|x64.ActiveCfg = Release|Any CPU
		{4EBF06BC-37F4-45AE-93F9-059EA8DC0B15}.Release|x64.Build.0 = Release|Any CPU
		{4EBF06BC-37F4-45AE-93F9-059EA8DC0B15}.Release|x86.ActiveCfg = Release|Any CPU
		{4EBF06BC-37F4-45AE-93F9-059EA8DC0B15}.Release|x86.Build.0 = Release|Any CPU
		{7E2CECDB-4937-4658-9584-90865598EE94}.Debug|Any CPU.ActiveCfg = Debug|Any CPU
		{7E2CECDB-4937-4658-9584-90865598EE94}.Debug|Any CPU.Build.0 = Debug|Any CPU
		{7E2CECDB-4937-4658-9584-90865598EE94}.Debug|x64.ActiveCfg = Debug|Any CPU
		{7E2CECDB-4937-4658-9584-90865598EE94}.Debug|x64.Build.0 = Debug|Any CPU
		{7E2CECDB-4937-4658-9584-90865598EE94}.Debug|x86.ActiveCfg = Debug|Any CPU
		{7E2CECDB-4937-4658-9584-90865598EE94}.Debug|x86.Build.0 = Debug|Any CPU
		{7E2CECDB-4937-4658-9584-90865598EE94}.Release|Any CPU.ActiveCfg = Release|Any CPU
		{7E2CECDB-4937-4658-9584-90865598EE94}.Release|Any CPU.Build.0 = Release|Any CPU
		{7E2CECDB-4937-4658-9584-90865598EE94}.Release|x64.ActiveCfg = Release|Any CPU
		{7E2CECDB-4937-4658-9584-90865598EE94}.Release|x64.Build.0 = Release|Any CPU
		{7E2CECDB-4937-4658-9584-90865598EE94}.Release|x86.ActiveCfg = Release|Any CPU
		{7E2CECDB-4937-4658-9584-90865598EE94}.Release|x86.Build.0 = Release|Any CPU
		{41599D3F-81A9-4F07-B70F-3823737DFE10}.Debug|Any CPU.ActiveCfg = Debug|Any CPU
		{41599D3F-81A9-4F07-B70F-3823737DFE10}.Debug|Any CPU.Build.0 = Debug|Any CPU
		{41599D3F-81A9-4F07-B70F-3823737DFE10}.Debug|x64.ActiveCfg = Debug|Any CPU
		{41599D3F-81A9-4F07-B70F-3823737DFE10}.Debug|x64.Build.0 = Debug|Any CPU
		{41599D3F-81A9-4F07-B70F-3823737DFE10}.Debug|x86.ActiveCfg = Debug|Any CPU
		{41599D3F-81A9-4F07-B70F-3823737DFE10}.Debug|x86.Build.0 = Debug|Any CPU
		{41599D3F-81A9-4F07-B70F-3823737DFE10}.Release|Any CPU.ActiveCfg = Release|Any CPU
		{41599D3F-81A9-4F07-B70F-3823737DFE10}.Release|Any CPU.Build.0 = Release|Any CPU
		{41599D3F-81A9-4F07-B70F-3823737DFE10}.Release|x64.ActiveCfg = Release|Any CPU
		{41599D3F-81A9-4F07-B70F-3823737DFE10}.Release|x64.Build.0 = Release|Any CPU
		{41599D3F-81A9-4F07-B70F-3823737DFE10}.Release|x86.ActiveCfg = Release|Any CPU
		{41599D3F-81A9-4F07-B70F-3823737DFE10}.Release|x86.Build.0 = Release|Any CPU
		{83C9860F-788B-4104-85B9-3527CBE56DBA}.Debug|Any CPU.ActiveCfg = Debug|Any CPU
		{83C9860F-788B-4104-85B9-3527CBE56DBA}.Debug|Any CPU.Build.0 = Debug|Any CPU
		{83C9860F-788B-4104-85B9-3527CBE56DBA}.Debug|x64.ActiveCfg = Debug|Any CPU
		{83C9860F-788B-4104-85B9-3527CBE56DBA}.Debug|x64.Build.0 = Debug|Any CPU
		{83C9860F-788B-4104-85B9-3527CBE56DBA}.Debug|x86.ActiveCfg = Debug|Any CPU
		{83C9860F-788B-4104-85B9-3527CBE56DBA}.Debug|x86.Build.0 = Debug|Any CPU
		{83C9860F-788B-4104-85B9-3527CBE56DBA}.Release|Any CPU.ActiveCfg = Release|Any CPU
		{83C9860F-788B-4104-85B9-3527CBE56DBA}.Release|Any CPU.Build.0 = Release|Any CPU
		{83C9860F-788B-4104-85B9-3527CBE56DBA}.Release|x64.ActiveCfg = Release|Any CPU
		{83C9860F-788B-4104-85B9-3527CBE56DBA}.Release|x64.Build.0 = Release|Any CPU
		{83C9860F-788B-4104-85B9-3527CBE56DBA}.Release|x86.ActiveCfg = Release|Any CPU
		{83C9860F-788B-4104-85B9-3527CBE56DBA}.Release|x86.Build.0 = Release|Any CPU
		{E6711A2D-072D-4A49-AB5E-4E69CE03E973}.Debug|Any CPU.ActiveCfg = Debug|Any CPU
		{E6711A2D-072D-4A49-AB5E-4E69CE03E973}.Debug|Any CPU.Build.0 = Debug|Any CPU
		{E6711A2D-072D-4A49-AB5E-4E69CE03E973}.Debug|x64.ActiveCfg = Debug|Any CPU
		{E6711A2D-072D-4A49-AB5E-4E69CE03E973}.Debug|x64.Build.0 = Debug|Any CPU
		{E6711A2D-072D-4A49-AB5E-4E69CE03E973}.Debug|x86.ActiveCfg = Debug|Any CPU
		{E6711A2D-072D-4A49-AB5E-4E69CE03E973}.Debug|x86.Build.0 = Debug|Any CPU
		{E6711A2D-072D-4A49-AB5E-4E69CE03E973}.Release|Any CPU.ActiveCfg = Release|Any CPU
		{E6711A2D-072D-4A49-AB5E-4E69CE03E973}.Release|Any CPU.Build.0 = Release|Any CPU
		{E6711A2D-072D-4A49-AB5E-4E69CE03E973}.Release|x64.ActiveCfg = Release|Any CPU
		{E6711A2D-072D-4A49-AB5E-4E69CE03E973}.Release|x64.Build.0 = Release|Any CPU
		{E6711A2D-072D-4A49-AB5E-4E69CE03E973}.Release|x86.ActiveCfg = Release|Any CPU
		{E6711A2D-072D-4A49-AB5E-4E69CE03E973}.Release|x86.Build.0 = Release|Any CPU
		{DF0FEE37-4FE0-4780-B7A0-BBBC785AA500}.Debug|Any CPU.ActiveCfg = Debug|Any CPU
		{DF0FEE37-4FE0-4780-B7A0-BBBC785AA500}.Debug|Any CPU.Build.0 = Debug|Any CPU
		{DF0FEE37-4FE0-4780-B7A0-BBBC785AA500}.Debug|x64.ActiveCfg = Debug|Any CPU
		{DF0FEE37-4FE0-4780-B7A0-BBBC785AA500}.Debug|x64.Build.0 = Debug|Any CPU
		{DF0FEE37-4FE0-4780-B7A0-BBBC785AA500}.Debug|x86.ActiveCfg = Debug|Any CPU
		{DF0FEE37-4FE0-4780-B7A0-BBBC785AA500}.Debug|x86.Build.0 = Debug|Any CPU
		{DF0FEE37-4FE0-4780-B7A0-BBBC785AA500}.Release|Any CPU.ActiveCfg = Release|Any CPU
		{DF0FEE37-4FE0-4780-B7A0-BBBC785AA500}.Release|Any CPU.Build.0 = Release|Any CPU
		{DF0FEE37-4FE0-4780-B7A0-BBBC785AA500}.Release|x64.ActiveCfg = Release|Any CPU
		{DF0FEE37-4FE0-4780-B7A0-BBBC785AA500}.Release|x64.Build.0 = Release|Any CPU
		{DF0FEE37-4FE0-4780-B7A0-BBBC785AA500}.Release|x86.ActiveCfg = Release|Any CPU
		{DF0FEE37-4FE0-4780-B7A0-BBBC785AA500}.Release|x86.Build.0 = Release|Any CPU
		{9CF86F41-EEC6-4D94-9B7F-3CE5D9ABCA1D}.Debug|Any CPU.ActiveCfg = Debug|Any CPU
		{9CF86F41-EEC6-4D94-9B7F-3CE5D9ABCA1D}.Debug|Any CPU.Build.0 = Debug|Any CPU
		{9CF86F41-EEC6-4D94-9B7F-3CE5D9ABCA1D}.Debug|x64.ActiveCfg = Debug|Any CPU
		{9CF86F41-EEC6-4D94-9B7F-3CE5D9ABCA1D}.Debug|x64.Build.0 = Debug|Any CPU
		{9CF86F41-EEC6-4D94-9B7F-3CE5D9ABCA1D}.Debug|x86.ActiveCfg = Debug|Any CPU
		{9CF86F41-EEC6-4D94-9B7F-3CE5D9ABCA1D}.Debug|x86.Build.0 = Debug|Any CPU
		{9CF86F41-EEC6-4D94-9B7F-3CE5D9ABCA1D}.Release|Any CPU.ActiveCfg = Release|Any CPU
		{9CF86F41-EEC6-4D94-9B7F-3CE5D9ABCA1D}.Release|Any CPU.Build.0 = Release|Any CPU
		{9CF86F41-EEC6-4D94-9B7F-3CE5D9ABCA1D}.Release|x64.ActiveCfg = Release|Any CPU
		{9CF86F41-EEC6-4D94-9B7F-3CE5D9ABCA1D}.Release|x64.Build.0 = Release|Any CPU
		{9CF86F41-EEC6-4D94-9B7F-3CE5D9ABCA1D}.Release|x86.ActiveCfg = Release|Any CPU
		{9CF86F41-EEC6-4D94-9B7F-3CE5D9ABCA1D}.Release|x86.Build.0 = Release|Any CPU
	EndGlobalSection
	GlobalSection(SolutionProperties) = preSolution
		HideSolutionNode = FALSE
	EndGlobalSection
	GlobalSection(NestedProjects) = preSolution
		{4EBF06BC-37F4-45AE-93F9-059EA8DC0B15} = {827E0CD3-B72D-47B6-A68D-7590B98EB39B}
		{7E2CECDB-4937-4658-9584-90865598EE94} = {827E0CD3-B72D-47B6-A68D-7590B98EB39B}
		{41599D3F-81A9-4F07-B70F-3823737DFE10} = {827E0CD3-B72D-47B6-A68D-7590B98EB39B}
		{83C9860F-788B-4104-85B9-3527CBE56DBA} = {0AB3BF05-4346-4AA6-1389-037BE0695223}
		{E6711A2D-072D-4A49-AB5E-4E69CE03E973} = {827E0CD3-B72D-47B6-A68D-7590B98EB39B}
		{DF0FEE37-4FE0-4780-B7A0-BBBC785AA500} = {0AB3BF05-4346-4AA6-1389-037BE0695223}
		{9CF86F41-EEC6-4D94-9B7F-3CE5D9ABCA1D} = {827E0CD3-B72D-47B6-A68D-7590B98EB39B}
	EndGlobalSection
EndGlobal
